
Microsoft Visual Studio Solution File, Format Version 12.00
# Visual Studio Version 17
VisualStudioVersion = 17.2.32616.157
MinimumVisualStudioVersion = 10.0.40219.1
Project("{FAE04EC0-301F-11D3-BF4B-00C04F79EFBC}") = "ControleFinanceiro.View", "ControleFinanceiro.View\ControleFinanceiro.View.csproj", "{1E188755-534D-42F0-8A11-D4D89F496D5C}"
EndProject
Project("{FAE04EC0-301F-11D3-BF4B-00C04F79EFBC}") = "ControleFinanceiro.Model", "ControleFinanceiro.Model\ControleFinanceiro.Model.csproj", "{A775D1A7-7DE7-4BBE-9F91-FE32CA09C4A0}"
EndProject
Global
	GlobalSection(SolutionConfigurationPlatforms) = preSolution
		Debug|Any CPU = Debug|Any CPU
		Release|Any CPU = Release|Any CPU
	EndGlobalSection
	GlobalSection(ProjectConfigurationPlatforms) = postSolution
		{1E188755-534D-42F0-8A11-D4D89F496D5C}.Debug|Any CPU.ActiveCfg = Debug|Any CPU
		{1E188755-534D-42F0-8A11-D4D89F496D5C}.Debug|Any CPU.Build.0 = Debug|Any CPU
		{1E188755-534D-42F0-8A11-D4D89F496D5C}.Release|Any CPU.ActiveCfg = Release|Any CPU
		{1E188755-534D-42F0-8A11-D4D89F496D5C}.Release|Any CPU.Build.0 = Release|Any CPU
		{A775D1A7-7DE7-4BBE-9F91-FE32CA09C4A0}.Debug|Any CPU.ActiveCfg = Debug|Any CPU
		{A775D1A7-7DE7-4BBE-9F91-FE32CA09C4A0}.Debug|Any CPU.Build.0 = Debug|Any CPU
		{A775D1A7-7DE7-4BBE-9F91-FE32CA09C4A0}.Release|Any CPU.ActiveCfg = Release|Any CPU
		{A775D1A7-7DE7-4BBE-9F91-FE32CA09C4A0}.Release|Any CPU.Build.0 = Release|Any CPU
	EndGlobalSection
	GlobalSection(SolutionProperties) = preSolution
		HideSolutionNode = FALSE
	EndGlobalSection
	GlobalSection(ExtensibilityGlobals) = postSolution
		SolutionGuid = {EE8FB8A7-6CC8-44AF-A03B-35B04A22EBAB}
	EndGlobalSection
EndGlobal
