
Microsoft Visual Studio Solution File, Format Version 12.00
# Visual Studio Version 17
VisualStudioVersion = 17.2.32616.157
MinimumVisualStudioVersion = 10.0.40219.1
Project("{FAE04EC0-301F-11D3-BF4B-00C04F79EFBC}") = "Testando", "Testando\Testando.csproj", "{D1DE820C-7ACD-44CD-990E-8B2276768E96}"
EndProject
Global
	GlobalSection(SolutionConfigurationPlatforms) = preSolution
		Debug|Any CPU = Debug|Any CPU
		Release|Any CPU = Release|Any CPU
	EndGlobalSection
	GlobalSection(ProjectConfigurationPlatforms) = postSolution
		{D1DE820C-7ACD-44CD-990E-8B2276768E96}.Debug|Any CPU.ActiveCfg = Debug|Any CPU
		{D1DE820C-7ACD-44CD-990E-8B2276768E96}.Debug|Any CPU.Build.0 = Debug|Any CPU
		{D1DE820C-7ACD-44CD-990E-8B2276768E96}.Release|Any CPU.ActiveCfg = Release|Any CPU
		{D1DE820C-7ACD-44CD-990E-8B2276768E96}.Release|Any CPU.Build.0 = Release|Any CPU
	EndGlobalSection
	GlobalSection(SolutionProperties) = preSolution
		HideSolutionNode = FALSE
	EndGlobalSection
	GlobalSection(ExtensibilityGlobals) = postSolution
		SolutionGuid = {804924F0-17B5-4702-8DFB-F894D082E9D1}
	EndGlobalSection
EndGlobal
