
Microsoft Visual Studio Solution File, Format Version 12.00
# Visual Studio Version 17
VisualStudioVersion = 17.2.32616.157
MinimumVisualStudioVersion = 10.0.40219.1
Project("{FAE04EC0-301F-11D3-BF4B-00C04F79EFBC}") = "ConsoleApp1", "ConsoleApp1\ConsoleApp1.csproj", "{60C2374A-B949-45C2-9DF2-8A51930380F4}"
EndProject
Global
	GlobalSection(SolutionConfigurationPlatforms) = preSolution
		Debug|Any CPU = Debug|Any CPU
		Release|Any CPU = Release|Any CPU
	EndGlobalSection
	GlobalSection(ProjectConfigurationPlatforms) = postSolution
		{60C2374A-B949-45C2-9DF2-8A51930380F4}.Debug|Any CPU.ActiveCfg = Debug|Any CPU
		{60C2374A-B949-45C2-9DF2-8A51930380F4}.Debug|Any CPU.Build.0 = Debug|Any CPU
		{60C2374A-B949-45C2-9DF2-8A51930380F4}.Release|Any CPU.ActiveCfg = Release|Any CPU
		{60C2374A-B949-45C2-9DF2-8A51930380F4}.Release|Any CPU.Build.0 = Release|Any CPU
	EndGlobalSection
	GlobalSection(SolutionProperties) = preSolution
		HideSolutionNode = FALSE
	EndGlobalSection
	GlobalSection(ExtensibilityGlobals) = postSolution
		SolutionGuid = {0623C09C-B1EB-4BED-BB91-DF886D9CD50A}
	EndGlobalSection
EndGlobal
