
Microsoft Visual Studio Solution File, Format Version 12.00
# Visual Studio Version 17
VisualStudioVersion = 17.2.32616.157
MinimumVisualStudioVersion = 10.0.40219.1
Project("{FAE04EC0-301F-11D3-BF4B-00C04F79EFBC}") = "ExerciciosProfRomulo.MatematicaBasica", "ExerciciosProfRomulo.MatematicaBasica\ExerciciosProfRomulo.MatematicaBasica.csproj", "{A3AB571B-7331-40F9-B831-A4C2733628C8}"
EndProject
Project("{FAE04EC0-301F-11D3-BF4B-00C04F79EFBC}") = "ExerciciosProfRomulo.EscolinhaTicTic", "ExerciciosProfRomulo.EscolinhaTicTic\ExerciciosProfRomulo.EscolinhaTicTic.csproj", "{0402B585-54FB-4A8C-B78C-AD3DAECDCFFF}"
EndProject
Global
	GlobalSection(SolutionConfigurationPlatforms) = preSolution
		Debug|Any CPU = Debug|Any CPU
		Release|Any CPU = Release|Any CPU
	EndGlobalSection
	GlobalSection(ProjectConfigurationPlatforms) = postSolution
		{A3AB571B-7331-40F9-B831-A4C2733628C8}.Debug|Any CPU.ActiveCfg = Debug|Any CPU
		{A3AB571B-7331-40F9-B831-A4C2733628C8}.Debug|Any CPU.Build.0 = Debug|Any CPU
		{A3AB571B-7331-40F9-B831-A4C2733628C8}.Release|Any CPU.ActiveCfg = Release|Any CPU
		{A3AB571B-7331-40F9-B831-A4C2733628C8}.Release|Any CPU.Build.0 = Release|Any CPU
		{0402B585-54FB-4A8C-B78C-AD3DAECDCFFF}.Debug|Any CPU.ActiveCfg = Debug|Any CPU
		{0402B585-54FB-4A8C-B78C-AD3DAECDCFFF}.Debug|Any CPU.Build.0 = Debug|Any CPU
		{0402B585-54FB-4A8C-B78C-AD3DAECDCFFF}.Release|Any CPU.ActiveCfg = Release|Any CPU
		{0402B585-54FB-4A8C-B78C-AD3DAECDCFFF}.Release|Any CPU.Build.0 = Release|Any CPU
	EndGlobalSection
	GlobalSection(SolutionProperties) = preSolution
		HideSolutionNode = FALSE
	EndGlobalSection
	GlobalSection(ExtensibilityGlobals) = postSolution
		SolutionGuid = {37813877-278F-4170-95A4-FA08F959DCDF}
	EndGlobalSection
EndGlobal
