
Microsoft Visual Studio Solution File, Format Version 12.00
# Visual Studio Version 17
VisualStudioVersion = 17.2.32616.157
MinimumVisualStudioVersion = 10.0.40219.1
Project("{FAE04EC0-301F-11D3-BF4B-00C04F79EFBC}") = "teste", "teste\teste.csproj", "{02A46953-7720-4C94-AEDC-49BA88BD6740}"
EndProject
Global
	GlobalSection(SolutionConfigurationPlatforms) = preSolution
		Debug|Any CPU = Debug|Any CPU
		Release|Any CPU = Release|Any CPU
	EndGlobalSection
	GlobalSection(ProjectConfigurationPlatforms) = postSolution
		{02A46953-7720-4C94-AEDC-49BA88BD6740}.Debug|Any CPU.ActiveCfg = Debug|Any CPU
		{02A46953-7720-4C94-AEDC-49BA88BD6740}.Debug|Any CPU.Build.0 = Debug|Any CPU
		{02A46953-7720-4C94-AEDC-49BA88BD6740}.Release|Any CPU.ActiveCfg = Release|Any CPU
		{02A46953-7720-4C94-AEDC-49BA88BD6740}.Release|Any CPU.Build.0 = Release|Any CPU
	EndGlobalSection
	GlobalSection(SolutionProperties) = preSolution
		HideSolutionNode = FALSE
	EndGlobalSection
	GlobalSection(ExtensibilityGlobals) = postSolution
		SolutionGuid = {28CE4E67-86B4-45A9-9CF6-76C5670DBA32}
	EndGlobalSection
EndGlobal
